// !$*UTF8*$!
{
	archiveVersion = 1;
	classes = {
	};
	objectVersion = 46;
	objects = {

/* Begin PBXBuildFile section */
		9DF1BEE31BB745B6009A45E9 /* AppDelegate.swift in Sources */ = {isa = PBXBuildFile; fileRef = 9DF1BEE21BB745B6009A45E9 /* AppDelegate.swift */; };
		9DF1BEE51BB745B7009A45E9 /* ViewController1.swift in Sources */ = {isa = PBXBuildFile; fileRef = 9DF1BEE41BB745B7009A45E9 /* ViewController1.swift */; };
		9DF1BEE81BB745B7009A45E9 /* Main.storyboard in Resources */ = {isa = PBXBuildFile; fileRef = 9DF1BEE61BB745B7009A45E9 /* Main.storyboard */; };
		9DF1BEEA1BB745B7009A45E9 /* Assets.xcassets in Resources */ = {isa = PBXBuildFile; fileRef = 9DF1BEE91BB745B7009A45E9 /* Assets.xcassets */; };
		9DF1BEED1BB745B7009A45E9 /* LaunchScreen.storyboard in Resources */ = {isa = PBXBuildFile; fileRef = 9DF1BEEB1BB745B7009A45E9 /* LaunchScreen.storyboard */; };
		9DF1BEF81BB745B7009A45E9 /* TouchHeatmapTests.swift in Sources */ = {isa = PBXBuildFile; fileRef = 9DF1BEF71BB745B7009A45E9 /* TouchHeatmapTests.swift */; };
		9DF1BF031BB745CD009A45E9 /* TouchHeatmap.swift in Sources */ = {isa = PBXBuildFile; fileRef = 9DF1BF021BB745CD009A45E9 /* TouchHeatmap.swift */; };
		9DF1BF071BB7512E009A45E9 /* ViewController2.swift in Sources */ = {isa = PBXBuildFile; fileRef = 9DF1BF061BB7512E009A45E9 /* ViewController2.swift */; };
		9DF1BF091BB75ECD009A45E9 /* TouchHeatmapExtensions.swift in Sources */ = {isa = PBXBuildFile; fileRef = 9DF1BF081BB75ECD009A45E9 /* TouchHeatmapExtensions.swift */; };
		9DF1BF261BBA8278009A45E9 /* TouchHeatmapRenderer.swift in Sources */ = {isa = PBXBuildFile; fileRef = 9DF1BF251BBA8278009A45E9 /* TouchHeatmapRenderer.swift */; };
/* End PBXBuildFile section */

/* Begin PBXContainerItemProxy section */
		9DF1BEF41BB745B7009A45E9 /* PBXContainerItemProxy */ = {
			isa = PBXContainerItemProxy;
			containerPortal = 9DF1BED71BB745B6009A45E9 /* Project object */;
			proxyType = 1;
			remoteGlobalIDString = 9DF1BEDE1BB745B6009A45E9;
			remoteInfo = TouchHeatmap;
		};
/* End PBXContainerItemProxy section */

/* Begin PBXFileReference section */
		9DF1BEDF1BB745B6009A45E9 /* TouchHeatmap.app */ = {isa = PBXFileReference; explicitFileType = wrapper.application; includeInIndex = 0; path = TouchHeatmap.app; sourceTree = BUILT_PRODUCTS_DIR; };
		9DF1BEE21BB745B6009A45E9 /* AppDelegate.swift */ = {isa = PBXFileReference; lastKnownFileType = sourcecode.swift; path = AppDelegate.swift; sourceTree = "<group>"; };
		9DF1BEE41BB745B7009A45E9 /* ViewController1.swift */ = {isa = PBXFileReference; lastKnownFileType = sourcecode.swift; path = ViewController1.swift; sourceTree = "<group>"; };
		9DF1BEE71BB745B7009A45E9 /* Base */ = {isa = PBXFileReference; lastKnownFileType = file.storyboard; name = Base; path = Base.lproj/Main.storyboard; sourceTree = "<group>"; };
		9DF1BEE91BB745B7009A45E9 /* Assets.xcassets */ = {isa = PBXFileReference; lastKnownFileType = folder.assetcatalog; path = Assets.xcassets; sourceTree = "<group>"; };
		9DF1BEEC1BB745B7009A45E9 /* Base */ = {isa = PBXFileReference; lastKnownFileType = file.storyboard; name = Base; path = Base.lproj/LaunchScreen.storyboard; sourceTree = "<group>"; };
		9DF1BEEE1BB745B7009A45E9 /* Info.plist */ = {isa = PBXFileReference; lastKnownFileType = text.plist.xml; path = Info.plist; sourceTree = "<group>"; };
		9DF1BEF31BB745B7009A45E9 /* TouchHeatmapTests.xctest */ = {isa = PBXFileReference; explicitFileType = wrapper.cfbundle; includeInIndex = 0; path = TouchHeatmapTests.xctest; sourceTree = BUILT_PRODUCTS_DIR; };
		9DF1BEF71BB745B7009A45E9 /* TouchHeatmapTests.swift */ = {isa = PBXFileReference; lastKnownFileType = sourcecode.swift; path = TouchHeatmapTests.swift; sourceTree = "<group>"; };
		9DF1BEF91BB745B7009A45E9 /* Info.plist */ = {isa = PBXFileReference; lastKnownFileType = text.plist.xml; path = Info.plist; sourceTree = "<group>"; };
		9DF1BF021BB745CD009A45E9 /* TouchHeatmap.swift */ = {isa = PBXFileReference; fileEncoding = 4; lastKnownFileType = sourcecode.swift; path = TouchHeatmap.swift; sourceTree = "<group>"; };
		9DF1BF061BB7512E009A45E9 /* ViewController2.swift */ = {isa = PBXFileReference; fileEncoding = 4; lastKnownFileType = sourcecode.swift; path = ViewController2.swift; sourceTree = "<group>"; };
		9DF1BF081BB75ECD009A45E9 /* TouchHeatmapExtensions.swift */ = {isa = PBXFileReference; fileEncoding = 4; lastKnownFileType = sourcecode.swift; path = TouchHeatmapExtensions.swift; sourceTree = "<group>"; };
		9DF1BF251BBA8278009A45E9 /* TouchHeatmapRenderer.swift */ = {isa = PBXFileReference; fileEncoding = 4; lastKnownFileType = sourcecode.swift; path = TouchHeatmapRenderer.swift; sourceTree = "<group>"; };
/* End PBXFileReference section */

/* Begin PBXFrameworksBuildPhase section */
		9DF1BEDC1BB745B6009A45E9 /* Frameworks */ = {
			isa = PBXFrameworksBuildPhase;
			buildActionMask = 2147483647;
			files = (
			);
			runOnlyForDeploymentPostprocessing = 0;
		};
		9DF1BEF01BB745B7009A45E9 /* Frameworks */ = {
			isa = PBXFrameworksBuildPhase;
			buildActionMask = 2147483647;
			files = (
			);
			runOnlyForDeploymentPostprocessing = 0;
		};
/* End PBXFrameworksBuildPhase section */

/* Begin PBXGroup section */
		9DC8C02F1BBAE27300AC30BE /* lib */ = {
			isa = PBXGroup;
			children = (
				9DF1BF251BBA8278009A45E9 /* TouchHeatmapRenderer.swift */,
				9DF1BF021BB745CD009A45E9 /* TouchHeatmap.swift */,
				9DF1BF081BB75ECD009A45E9 /* TouchHeatmapExtensions.swift */,
			);
			name = lib;
			sourceTree = "<group>";
		};
		9DF1BED61BB745B6009A45E9 = {
			isa = PBXGroup;
			children = (
				9DF1BEE11BB745B6009A45E9 /* TouchHeatmap */,
				9DF1BEF61BB745B7009A45E9 /* TouchHeatmapTests */,
				9DF1BEE01BB745B6009A45E9 /* Products */,
			);
			sourceTree = "<group>";
		};
		9DF1BEE01BB745B6009A45E9 /* Products */ = {
			isa = PBXGroup;
			children = (
				9DF1BEDF1BB745B6009A45E9 /* TouchHeatmap.app */,
				9DF1BEF31BB745B7009A45E9 /* TouchHeatmapTests.xctest */,
			);
			name = Products;
			sourceTree = "<group>";
		};
		9DF1BEE11BB745B6009A45E9 /* TouchHeatmap */ = {
			isa = PBXGroup;
			children = (
				9DC8C02F1BBAE27300AC30BE /* lib */,
				9DF1BEE21BB745B6009A45E9 /* AppDelegate.swift */,
				9DF1BEE41BB745B7009A45E9 /* ViewController1.swift */,
				9DF1BF061BB7512E009A45E9 /* ViewController2.swift */,
				9DF1BEE61BB745B7009A45E9 /* Main.storyboard */,
				9DF1BEE91BB745B7009A45E9 /* Assets.xcassets */,
				9DF1BEEB1BB745B7009A45E9 /* LaunchScreen.storyboard */,
				9DF1BEEE1BB745B7009A45E9 /* Info.plist */,
			);
			path = TouchHeatmap;
			sourceTree = "<group>";
		};
		9DF1BEF61BB745B7009A45E9 /* TouchHeatmapTests */ = {
			isa = PBXGroup;
			children = (
				9DF1BEF71BB745B7009A45E9 /* TouchHeatmapTests.swift */,
				9DF1BEF91BB745B7009A45E9 /* Info.plist */,
			);
			path = TouchHeatmapTests;
			sourceTree = "<group>";
		};
/* End PBXGroup section */

/* Begin PBXNativeTarget section */
		9DF1BEDE1BB745B6009A45E9 /* TouchHeatmap */ = {
			isa = PBXNativeTarget;
			buildConfigurationList = 9DF1BEFC1BB745B7009A45E9 /* Build configuration list for PBXNativeTarget "TouchHeatmap" */;
			buildPhases = (
				9DF1BEDB1BB745B6009A45E9 /* Sources */,
				9DF1BEDC1BB745B6009A45E9 /* Frameworks */,
				9DF1BEDD1BB745B6009A45E9 /* Resources */,
			);
			buildRules = (
			);
			dependencies = (
			);
			name = TouchHeatmap;
			productName = TouchHeatmap;
			productReference = 9DF1BEDF1BB745B6009A45E9 /* TouchHeatmap.app */;
			productType = "com.apple.product-type.application";
		};
		9DF1BEF21BB745B7009A45E9 /* TouchHeatmapTests */ = {
			isa = PBXNativeTarget;
			buildConfigurationList = 9DF1BEFF1BB745B7009A45E9 /* Build configuration list for PBXNativeTarget "TouchHeatmapTests" */;
			buildPhases = (
				9DF1BEEF1BB745B7009A45E9 /* Sources */,
				9DF1BEF01BB745B7009A45E9 /* Frameworks */,
				9DF1BEF11BB745B7009A45E9 /* Resources */,
			);
			buildRules = (
			);
			dependencies = (
				9DF1BEF51BB745B7009A45E9 /* PBXTargetDependency */,
			);
			name = TouchHeatmapTests;
			productName = TouchHeatmapTests;
			productReference = 9DF1BEF31BB745B7009A45E9 /* TouchHeatmapTests.xctest */;
			productType = "com.apple.product-type.bundle.unit-test";
		};
/* End PBXNativeTarget section */

/* Begin PBXProject section */
		9DF1BED71BB745B6009A45E9 /* Project object */ = {
			isa = PBXProject;
			attributes = {
				LastUpgradeCheck = 0700;
				ORGANIZATIONNAME = "Christopher Helf";
				TargetAttributes = {
					9DF1BEDE1BB745B6009A45E9 = {
						CreatedOnToolsVersion = 7.0;
					};
					9DF1BEF21BB745B7009A45E9 = {
						CreatedOnToolsVersion = 7.0;
						DevelopmentTeam = N69Z84G43C;
						TestTargetID = 9DF1BEDE1BB745B6009A45E9;
					};
				};
			};
			buildConfigurationList = 9DF1BEDA1BB745B6009A45E9 /* Build configuration list for PBXProject "TouchHeatmap" */;
			compatibilityVersion = "Xcode 3.2";
			developmentRegion = English;
			hasScannedForEncodings = 0;
			knownRegions = (
				en,
				Base,
			);
			mainGroup = 9DF1BED61BB745B6009A45E9;
			productRefGroup = 9DF1BEE01BB745B6009A45E9 /* Products */;
			projectDirPath = "";
			projectRoot = "";
			targets = (
				9DF1BEDE1BB745B6009A45E9 /* TouchHeatmap */,
				9DF1BEF21BB745B7009A45E9 /* TouchHeatmapTests */,
			);
		};
/* End PBXProject section */

/* Begin PBXResourcesBuildPhase section */
		9DF1BEDD1BB745B6009A45E9 /* Resources */ = {
			isa = PBXResourcesBuildPhase;
			buildActionMask = 2147483647;
			files = (
				9DF1BEED1BB745B7009A45E9 /* LaunchScreen.storyboard in Resources */,
				9DF1BEEA1BB745B7009A45E9 /* Assets.xcassets in Resources */,
				9DF1BEE81BB745B7009A45E9 /* Main.storyboard in Resources */,
			);
			runOnlyForDeploymentPostprocessing = 0;
		};
		9DF1BEF11BB745B7009A45E9 /* Resources */ = {
			isa = PBXResourcesBuildPhase;
			buildActionMask = 2147483647;
			files = (
			);
			runOnlyForDeploymentPostprocessing = 0;
		};
/* End PBXResourcesBuildPhase section */

/* Begin PBXSourcesBuildPhase section */
		9DF1BEDB1BB745B6009A45E9 /* Sources */ = {
			isa = PBXSourcesBuildPhase;
			buildActionMask = 2147483647;
			files = (
				9DF1BEE51BB745B7009A45E9 /* ViewController1.swift in Sources */,
				9DF1BF071BB7512E009A45E9 /* ViewController2.swift in Sources */,
				9DF1BF031BB745CD009A45E9 /* TouchHeatmap.swift in Sources */,
				9DF1BF261BBA8278009A45E9 /* TouchHeatmapRenderer.swift in Sources */,
				9DF1BF091BB75ECD009A45E9 /* TouchHeatmapExtensions.swift in Sources */,
				9DF1BEE31BB745B6009A45E9 /* AppDelegate.swift in Sources */,
			);
			runOnlyForDeploymentPostprocessing = 0;
		};
		9DF1BEEF1BB745B7009A45E9 /* Sources */ = {
			isa = PBXSourcesBuildPhase;
			buildActionMask = 2147483647;
			files = (
				9DF1BEF81BB745B7009A45E9 /* TouchHeatmapTests.swift in Sources */,
			);
			runOnlyForDeploymentPostprocessing = 0;
		};
/* End PBXSourcesBuildPhase section */

/* Begin PBXTargetDependency section */
		9DF1BEF51BB745B7009A45E9 /* PBXTargetDependency */ = {
			isa = PBXTargetDependency;
			target = 9DF1BEDE1BB745B6009A45E9 /* TouchHeatmap */;
			targetProxy = 9DF1BEF41BB745B7009A45E9 /* PBXContainerItemProxy */;
		};
/* End PBXTargetDependency section */

/* Begin PBXVariantGroup section */
		9DF1BEE61BB745B7009A45E9 /* Main.storyboard */ = {
			isa = PBXVariantGroup;
			children = (
				9DF1BEE71BB745B7009A45E9 /* Base */,
			);
			name = Main.storyboard;
			sourceTree = "<group>";
		};
		9DF1BEEB1BB745B7009A45E9 /* LaunchScreen.storyboard */ = {
			isa = PBXVariantGroup;
			children = (
				9DF1BEEC1BB745B7009A45E9 /* Base */,
			);
			name = LaunchScreen.storyboard;
			sourceTree = "<group>";
		};
/* End PBXVariantGroup section */

/* Begin XCBuildConfiguration section */
		9DF1BEFA1BB745B7009A45E9 /* Debug */ = {
			isa = XCBuildConfiguration;
			buildSettings = {
				ALWAYS_SEARCH_USER_PATHS = NO;
				CLANG_CXX_LANGUAGE_STANDARD = "gnu++0x";
				CLANG_CXX_LIBRARY = "libc++";
				CLANG_ENABLE_MODULES = YES;
				CLANG_ENABLE_OBJC_ARC = YES;
				CLANG_WARN_BOOL_CONVERSION = YES;
				CLANG_WARN_CONSTANT_CONVERSION = YES;
				CLANG_WARN_DIRECT_OBJC_ISA_USAGE = YES_ERROR;
				CLANG_WARN_EMPTY_BODY = YES;
				CLANG_WARN_ENUM_CONVERSION = YES;
				CLANG_WARN_INT_CONVERSION = YES;
				CLANG_WARN_OBJC_ROOT_CLASS = YES_ERROR;
				CLANG_WARN_UNREACHABLE_CODE = YES;
				CLANG_WARN__DUPLICATE_METHOD_MATCH = YES;
				"CODE_SIGN_IDENTITY[sdk=iphoneos*]" = "iPhone Developer";
				COPY_PHASE_STRIP = NO;
				DEBUG_INFORMATION_FORMAT = dwarf;
				ENABLE_STRICT_OBJC_MSGSEND = YES;
				ENABLE_TESTABILITY = YES;
				GCC_C_LANGUAGE_STANDARD = gnu99;
				GCC_DYNAMIC_NO_PIC = NO;
				GCC_NO_COMMON_BLOCKS = YES;
				GCC_OPTIMIZATION_LEVEL = 0;
				GCC_PREPROCESSOR_DEFINITIONS = (
					"DEBUG=1",
					"$(inherited)",
				);
				GCC_WARN_64_TO_32_BIT_CONVERSION = YES;
				GCC_WARN_ABOUT_RETURN_TYPE = YES_ERROR;
				GCC_WARN_UNDECLARED_SELECTOR = YES;
				GCC_WARN_UNINITIALIZED_AUTOS = YES_AGGRESSIVE;
				GCC_WARN_UNUSED_FUNCTION = YES;
				GCC_WARN_UNUSED_VARIABLE = YES;
				IPHONEOS_DEPLOYMENT_TARGET = 9.0;
				MTL_ENABLE_DEBUG_INFO = YES;
				ONLY_ACTIVE_ARCH = YES;
				SDKROOT = iphoneos;
				SWIFT_OPTIMIZATION_LEVEL = "-Onone";
			};
			name = Debug;
		};
		9DF1BEFB1BB745B7009A45E9 /* Release */ = {
			isa = XCBuildConfiguration;
			buildSettings = {
				ALWAYS_SEARCH_USER_PATHS = NO;
				CLANG_CXX_LANGUAGE_STANDARD = "gnu++0x";
				CLANG_CXX_LIBRARY = "libc++";
				CLANG_ENABLE_MODULES = YES;
				CLANG_ENABLE_OBJC_ARC = YES;
				CLANG_WARN_BOOL_CONVERSION = YES;
				CLANG_WARN_CONSTANT_CONVERSION = YES;
				CLANG_WARN_DIRECT_OBJC_ISA_USAGE = YES_ERROR;
				CLANG_WARN_EMPTY_BODY = YES;
				CLANG_WARN_ENUM_CONVERSION = YES;
				CLANG_WARN_INT_CONVERSION = YES;
				CLANG_WARN_OBJC_ROOT_CLASS = YES_ERROR;
				CLANG_WARN_UNREACHABLE_CODE = YES;
				CLANG_WARN__DUPLICATE_METHOD_MATCH = YES;
				"CODE_SIGN_IDENTITY[sdk=iphoneos*]" = "iPhone Developer";
				COPY_PHASE_STRIP = NO;
				DEBUG_INFORMATION_FORMAT = "dwarf-with-dsym";
				ENABLE_NS_ASSERTIONS = NO;
				ENABLE_STRICT_OBJC_MSGSEND = YES;
				GCC_C_LANGUAGE_STANDARD = gnu99;
				GCC_NO_COMMON_BLOCKS = YES;
				GCC_WARN_64_TO_32_BIT_CONVERSION = YES;
				GCC_WARN_ABOUT_RETURN_TYPE = YES_ERROR;
				GCC_WARN_UNDECLARED_SELECTOR = YES;
				GCC_WARN_UNINITIALIZED_AUTOS = YES_AGGRESSIVE;
				GCC_WARN_UNUSED_FUNCTION = YES;
				GCC_WARN_UNUSED_VARIABLE = YES;
				IPHONEOS_DEPLOYMENT_TARGET = 9.0;
				MTL_ENABLE_DEBUG_INFO = NO;
				SDKROOT = iphoneos;
				VALIDATE_PRODUCT = YES;
			};
			name = Release;
		};
		9DF1BEFD1BB745B7009A45E9 /* Debug */ = {
			isa = XCBuildConfiguration;
			buildSettings = {
				ASSETCATALOG_COMPILER_APPICON_NAME = AppIcon;
				CODE_SIGN_IDENTITY = "iPhone Developer";
				INFOPLIST_FILE = TouchHeatmap/Info.plist;
				LD_RUNPATH_SEARCH_PATHS = "$(inherited) @executable_path/Frameworks";
				PRODUCT_BUNDLE_IDENTIFIER = com.TouchHeatmap;
				PRODUCT_NAME = "$(TARGET_NAME)";
				SWIFT_VERSION = 4.2;
			};
			name = Debug;
		};
		9DF1BEFE1BB745B7009A45E9 /* Release */ = {
			isa = XCBuildConfiguration;
			buildSettings = {
				ASSETCATALOG_COMPILER_APPICON_NAME = AppIcon;
				CODE_SIGN_IDENTITY = "iPhone Developer";
				INFOPLIST_FILE = TouchHeatmap/Info.plist;
				LD_RUNPATH_SEARCH_PATHS = "$(inherited) @executable_path/Frameworks";
				PRODUCT_BUNDLE_IDENTIFIER = com.TouchHeatmap;
				PRODUCT_NAME = "$(TARGET_NAME)";
				SWIFT_VERSION = 4.2;
			};
			name = Release;
		};
		9DF1BF001BB745B7009A45E9 /* Debug */ = {
			isa = XCBuildConfiguration;
			buildSettings = {
				BUNDLE_LOADER = "$(TEST_HOST)";
				INFOPLIST_FILE = TouchHeatmapTests/Info.plist;
				LD_RUNPATH_SEARCH_PATHS = "$(inherited) @executable_path/Frameworks @loader_path/Frameworks";
				PRODUCT_BUNDLE_IDENTIFIER = com.TouchHeatmapTests;
				PRODUCT_NAME = "$(TARGET_NAME)";
				TEST_HOST = "$(BUILT_PRODUCTS_DIR)/TouchHeatmap.app/TouchHeatmap";
			};
			name = Debug;
		};
		9DF1BF011BB745B7009A45E9 /* Release */ = {
			isa = XCBuildConfiguration;
			buildSettings = {
				BUNDLE_LOADER = "$(TEST_HOST)";
				INFOPLIST_FILE = TouchHeatmapTests/Info.plist;
				LD_RUNPATH_SEARCH_PATHS = "$(inherited) @executable_path/Frameworks @loader_path/Frameworks";
				PRODUCT_BUNDLE_IDENTIFIER = com.TouchHeatmapTests;
				PRODUCT_NAME = "$(TARGET_NAME)";
				TEST_HOST = "$(BUILT_PRODUCTS_DIR)/TouchHeatmap.app/TouchHeatmap";
			};
			name = Release;
		};
/* End XCBuildConfiguration section */

/* Begin XCConfigurationList section */
		9DF1BEDA1BB745B6009A45E9 /* Build configuration list for PBXProject "TouchHeatmap" */ = {
			isa = XCConfigurationList;
			buildConfigurations = (
				9DF1BEFA1BB745B7009A45E9 /* Debug */,
				9DF1BEFB1BB745B7009A45E9 /* Release */,
			);
			defaultConfigurationIsVisible = 0;
			defaultConfigurationName = Release;
		};
		9DF1BEFC1BB745B7009A45E9 /* Build configuration list for PBXNativeTarget "TouchHeatmap" */ = {
			isa = XCConfigurationList;
			buildConfigurations = (
				9DF1BEFD1BB745B7009A45E9 /* Debug */,
				9DF1BEFE1BB745B7009A45E9 /* Release */,
			);
			defaultConfigurationIsVisible = 0;
			defaultConfigurationName = Release;
		};
		9DF1BEFF1BB745B7009A45E9 /* Build configuration list for PBXNativeTarget "TouchHeatmapTests" */ = {
			isa = XCConfigurationList;
			buildConfigurations = (
				9DF1BF001BB745B7009A45E9 /* Debug */,
				9DF1BF011BB745B7009A45E9 /* Release */,
			);
			defaultConfigurationIsVisible = 0;
			defaultConfigurationName = Release;
		};
/* End XCConfigurationList section */
	};
	rootObject = 9DF1BED71BB745B6009A45E9 /* Project object */;
}
